PODS:
  - Anchorage (4.3.1)
  - FSPagerView (0.8.3)

DEPENDENCIES:
  - Anchorage (~> 4.3.1)
  - FSPagerView (~> 0.8.0)

SPEC REPOS:
  https://github.com/CocoaPods/Specs.git:
    - FSPagerView
  trunk:
    - Anchorage

SPEC CHECKSUMS:
  Anchorage: a187da0bc9b07440637d42c8744b8c82a4490295
  FSPagerView: 670405b2f18e2a87fa37f20b00de783e562c25a8

PODFILE CHECKSUM: 5e8914acda10e266db1e81b5798d517704eb7d49

COCOAPODS: 1.8.4
